// !$*UTF8*$!
{
	archiveVersion = 1;
	classes = {
	};
	objectVersion = 56;
	objects = {

/* Begin PBXBuildFile section */
		6EBA29DE2AC310BB00AF258A /* HW15_16App.swift in Sources */ = {isa = PBXBuildFile; fileRef = 6EBA29DD2AC310BB00AF258A /* HW15_16App.swift */; };
		6EBA29E02AC310BB00AF258A /* ContentView.swift in Sources */ = {isa = PBXBuildFile; fileRef = 6EBA29DF2AC310BB00AF258A /* ContentView.swift */; };
		6EBA29E22AC310BC00AF258A /* Assets.xcassets in Resources */ = {isa = PBXBuildFile; fileRef = 6EBA29E12AC310BC00AF258A /* Assets.xcassets */; };
		6EBA29E52AC310BC00AF258A /* Preview Assets.xcassets in Resources */ = {isa = PBXBuildFile; fileRef = 6EBA29E42AC310BC00AF258A /* Preview Assets.xcassets */; };
		6EBA29EE2AC31BBE00AF258A /* two.swift in Sources */ = {isa = PBXBuildFile; fileRef = 6EBA29ED2AC31BBE00AF258A /* two.swift */; };
		6EBA29F02AC38A0400AF258A /* view_one.swift in Sources */ = {isa = PBXBuildFile; fileRef = 6EBA29EF2AC38A0400AF258A /* view_one.swift */; };
		6EBA29F22AC38A1400AF258A /* view_two.swift in Sources */ = {isa = PBXBuildFile; fileRef = 6EBA29F12AC38A1400AF258A /* view_two.swift */; };
		6EBF9C9A2AC62C320087F1D3 /* Model.xcdatamodeld in Sources */ = {isa = PBXBuildFile; fileRef = 6EBF9C982AC62C320087F1D3 /* Model.xcdatamodeld */; };
		6ECE070A2AC7747A0034F6A7 /* emojView.swift in Sources */ = {isa = PBXBuildFile; fileRef = 6ECE07092AC7747A0034F6A7 /* emojView.swift */; };
/* End PBXBuildFile section */

/* Begin PBXFileReference section */
		6EBA29DA2AC310BB00AF258A /* HW15-16.app */ = {isa = PBXFileReference; explicitFileType = wrapper.application; includeInIndex = 0; path = "HW15-16.app"; sourceTree = BUILT_PRODUCTS_DIR; };
		6EBA29DD2AC310BB00AF258A /* HW15_16App.swift */ = {isa = PBXFileReference; lastKnownFileType = sourcecode.swift; path = HW15_16App.swift; sourceTree = "<group>"; };
		6EBA29DF2AC310BB00AF258A /* ContentView.swift */ = {isa = PBXFileReference; lastKnownFileType = sourcecode.swift; path = ContentView.swift; sourceTree = "<group>"; };
		6EBA29E12AC310BC00AF258A /* Assets.xcassets */ = {isa = PBXFileReference; lastKnownFileType = folder.assetcatalog; path = Assets.xcassets; sourceTree = "<group>"; };
		6EBA29E42AC310BC00AF258A /* Preview Assets.xcassets */ = {isa = PBXFileReference; lastKnownFileType = folder.assetcatalog; path = "Preview Assets.xcassets"; sourceTree = "<group>"; };
		6EBA29ED2AC31BBE00AF258A /* two.swift */ = {isa = PBXFileReference; lastKnownFileType = sourcecode.swift; path = two.swift; sourceTree = "<group>"; };
		6EBA29EF2AC38A0400AF258A /* view_one.swift */ = {isa = PBXFileReference; lastKnownFileType = sourcecode.swift; path = view_one.swift; sourceTree = "<group>"; };
		6EBA29F12AC38A1400AF258A /* view_two.swift */ = {isa = PBXFileReference; lastKnownFileType = sourcecode.swift; path = view_two.swift; sourceTree = "<group>"; };
		6EBF9C992AC62C320087F1D3 /* Model.xcdatamodel */ = {isa = PBXFileReference; lastKnownFileType = wrapper.xcdatamodel; path = Model.xcdatamodel; sourceTree = "<group>"; };
		6ECE07092AC7747A0034F6A7 /* emojView.swift */ = {isa = PBXFileReference; lastKnownFileType = sourcecode.swift; path = emojView.swift; sourceTree = "<group>"; };
/* End PBXFileReference section */

/* Begin PBXFrameworksBuildPhase section */
		6EBA29D72AC310BB00AF258A /* Frameworks */ = {
			isa = PBXFrameworksBuildPhase;
			buildActionMask = 2147483647;
			files = (
			);
			runOnlyForDeploymentPostprocessing = 0;
		};
/* End PBXFrameworksBuildPhase section */

/* Begin PBXGroup section */
		6EBA29D12AC310BB00AF258A = {
			isa = PBXGroup;
			children = (
				6EBA29DC2AC310BB00AF258A /* HW15-16 */,
				6EBA29DB2AC310BB00AF258A /* Products */,
			);
			sourceTree = "<group>";
		};
		6EBA29DB2AC310BB00AF258A /* Products */ = {
			isa = PBXGroup;
			children = (
				6EBA29DA2AC310BB00AF258A /* HW15-16.app */,
			);
			name = Products;
			sourceTree = "<group>";
		};
		6EBA29DC2AC310BB00AF258A /* HW15-16 */ = {
			isa = PBXGroup;
			children = (
				6EBA29DD2AC310BB00AF258A /* HW15_16App.swift */,
				6EBA29DF2AC310BB00AF258A /* ContentView.swift */,
				6EBA29ED2AC31BBE00AF258A /* two.swift */,
				6EBA29EF2AC38A0400AF258A /* view_one.swift */,
				6EBA29F12AC38A1400AF258A /* view_two.swift */,
				6EBF9C982AC62C320087F1D3 /* Model.xcdatamodeld */,
				6EBA29E12AC310BC00AF258A /* Assets.xcassets */,
				6EBA29E32AC310BC00AF258A /* Preview Content */,
				6ECE07092AC7747A0034F6A7 /* emojView.swift */,
			);
			path = "HW15-16";
			sourceTree = "<group>";
		};
		6EBA29E32AC310BC00AF258A /* Preview Content */ = {
			isa = PBXGroup;
			children = (
				6EBA29E42AC310BC00AF258A /* Preview Assets.xcassets */,
			);
			path = "Preview Content";
			sourceTree = "<group>";
		};
/* End PBXGroup section */

/* Begin PBXNativeTarget section */
		6EBA29D92AC310BB00AF258A /* HW15-16 */ = {
			isa = PBXNativeTarget;
			buildConfigurationList = 6EBA29E82AC310BC00AF258A /* Build configuration list for PBXNativeTarget "HW15-16" */;
			buildPhases = (
				6EBA29D62AC310BB00AF258A /* Sources */,
				6EBA29D72AC310BB00AF258A /* Frameworks */,
				6EBA29D82AC310BB00AF258A /* Resources */,
			);
			buildRules = (
			);
			dependencies = (
			);
			name = "HW15-16";
			productName = "HW15-16";
			productReference = 6EBA29DA2AC310BB00AF258A /* HW15-16.app */;
			productType = "com.apple.product-type.application";
		};
/* End PBXNativeTarget section */

/* Begin PBXProject section */
		6EBA29D22AC310BB00AF258A /* Project object */ = {
			isa = PBXProject;
			attributes = {
				BuildIndependentTargetsInParallel = 1;
				LastSwiftUpdateCheck = 1430;
				LastUpgradeCheck = 1430;
				TargetAttributes = {
					6EBA29D92AC310BB00AF258A = {
						CreatedOnToolsVersion = 14.3.1;
					};
				};
			};
			buildConfigurationList = 6EBA29D52AC310BB00AF258A /* Build configuration list for PBXProject "HW15-16" */;
			compatibilityVersion = "Xcode 14.0";
			developmentRegion = en;
			hasScannedForEncodings = 0;
			knownRegions = (
				en,
				Base,
			);
			mainGroup = 6EBA29D12AC310BB00AF258A;
			productRefGroup = 6EBA29DB2AC310BB00AF258A /* Products */;
			projectDirPath = "";
			projectRoot = "";
			targets = (
				6EBA29D92AC310BB00AF258A /* HW15-16 */,
			);
		};
/* End PBXProject section */

/* Begin PBXResourcesBuildPhase section */
		6EBA29D82AC310BB00AF258A /* Resources */ = {
			isa = PBXResourcesBuildPhase;
			buildActionMask = 2147483647;
			files = (
				6EBA29E52AC310BC00AF258A /* Preview Assets.xcassets in Resources */,
				6EBA29E22AC310BC00AF258A /* Assets.xcassets in Resources */,
			);
			runOnlyForDeploymentPostprocessing = 0;
		};
/* End PBXResourcesBuildPhase section */

/* Begin PBXSourcesBuildPhase section */
		6EBA29D62AC310BB00AF258A /* Sources */ = {
			isa = PBXSourcesBuildPhase;
			buildActionMask = 2147483647;
			files = (
				6EBA29E02AC310BB00AF258A /* ContentView.swift in Sources */,
				6EBA29F02AC38A0400AF258A /* view_one.swift in Sources */,
				6EBA29DE2AC310BB00AF258A /* HW15_16App.swift in Sources */,
				6ECE070A2AC7747A0034F6A7 /* emojView.swift in Sources */,
				6EBA29F22AC38A1400AF258A /* view_two.swift in Sources */,
				6EBA29EE2AC31BBE00AF258A /* two.swift in Sources */,
				6EBF9C9A2AC62C320087F1D3 /* Model.xcdatamodeld in Sources */,
			);
			runOnlyForDeploymentPostprocessing = 0;
		};
/* End PBXSourcesBuildPhase section */

/* Begin XCBuildConfiguration section */
		6EBA29E62AC310BC00AF258A /* Debug */ = {
			isa = XCBuildConfiguration;
			buildSettings = {
				ALWAYS_SEARCH_USER_PATHS = NO;
				CLANG_ANALYZER_NONNULL = YES;
				CLANG_ANALYZER_NUMBER_OBJECT_CONVERSION = YES_AGGRESSIVE;
				CLANG_CXX_LANGUAGE_STANDARD = "gnu++20";
				CLANG_ENABLE_MODULES = YES;
				CLANG_ENABLE_OBJC_ARC = YES;
				CLANG_ENABLE_OBJC_WEAK = YES;
				CLANG_WARN_BLOCK_CAPTURE_AUTORELEASING = YES;
				CLANG_WARN_BOOL_CONVERSION = YES;
				CLANG_WARN_COMMA = YES;
				CLANG_WARN_CONSTANT_CONVERSION = YES;
				CLANG_WARN_DEPRECATED_OBJC_IMPLEMENTATIONS = YES;
				CLANG_WARN_DIRECT_OBJC_ISA_USAGE = YES_ERROR;
				CLANG_WARN_DOCUMENTATION_COMMENTS = YES;
				CLANG_WARN_EMPTY_BODY = YES;
				CLANG_WARN_ENUM_CONVERSION = YES;
				CLANG_WARN_INFINITE_RECURSION = YES;
				CLANG_WARN_INT_CONVERSION = YES;
				CLANG_WARN_NON_LITERAL_NULL_CONVERSION = YES;
				CLANG_WARN_OBJC_IMPLICIT_RETAIN_SELF = YES;
				CLANG_WARN_OBJC_LITERAL_CONVERSION = YES;
				CLANG_WARN_OBJC_ROOT_CLASS = YES_ERROR;
				CLANG_WARN_QUOTED_INCLUDE_IN_FRAMEWORK_HEADER = YES;
				CLANG_WARN_RANGE_LOOP_ANALYSIS = YES;
				CLANG_WARN_STRICT_PROTOTYPES = YES;
				CLANG_WARN_SUSPICIOUS_MOVE = YES;
				CLANG_WARN_UNGUARDED_AVAILABILITY = YES_AGGRESSIVE;
				CLANG_WARN_UNREACHABLE_CODE = YES;
				CLANG_WARN__DUPLICATE_METHOD_MATCH = YES;
				COPY_PHASE_STRIP = NO;
				DEBUG_INFORMATION_FORMAT = dwarf;
				ENABLE_STRICT_OBJC_MSGSEND = YES;
				ENABLE_TESTABILITY = YES;
				GCC_C_LANGUAGE_STANDARD = gnu11;
				GCC_DYNAMIC_NO_PIC = NO;
				GCC_NO_COMMON_BLOCKS = YES;
				GCC_OPTIMIZATION_LEVEL = 0;
				GCC_PREPROCESSOR_DEFINITIONS = (
					"DEBUG=1",
					"$(inherited)",
				);
				GCC_WARN_64_TO_32_BIT_CONVERSION = YES;
				GCC_WARN_ABOUT_RETURN_TYPE = YES_ERROR;
				GCC_WARN_UNDECLARED_SELECTOR = YES;
				GCC_WARN_UNINITIALIZED_AUTOS = YES_AGGRESSIVE;
				GCC_WARN_UNUSED_FUNCTION = YES;
				GCC_WARN_UNUSED_VARIABLE = YES;
				IPHONEOS_DEPLOYMENT_TARGET = 16.4;
				MTL_ENABLE_DEBUG_INFO = INCLUDE_SOURCE;
				MTL_FAST_MATH = YES;
				ONLY_ACTIVE_ARCH = YES;
				SDKROOT = iphoneos;
				SWIFT_ACTIVE_COMPILATION_CONDITIONS = DEBUG;
				SWIFT_OPTIMIZATION_LEVEL = "-Onone";
			};
			name = Debug;
		};
		6EBA29E72AC310BC00AF258A /* Release */ = {
			isa = XCBuildConfiguration;
			buildSettings = {
				ALWAYS_SEARCH_USER_PATHS = NO;
				CLANG_ANALYZER_NONNULL = YES;
				CLANG_ANALYZER_NUMBER_OBJECT_CONVERSION = YES_AGGRESSIVE;
				CLANG_CXX_LANGUAGE_STANDARD = "gnu++20";
				CLANG_ENABLE_MODULES = YES;
				CLANG_ENABLE_OBJC_ARC = YES;
				CLANG_ENABLE_OBJC_WEAK = YES;
				CLANG_WARN_BLOCK_CAPTURE_AUTORELEASING = YES;
				CLANG_WARN_BOOL_CONVERSION = YES;
				CLANG_WARN_COMMA = YES;
				CLANG_WARN_CONSTANT_CONVERSION = YES;
				CLANG_WARN_DEPRECATED_OBJC_IMPLEMENTATIONS = YES;
				CLANG_WARN_DIRECT_OBJC_ISA_USAGE = YES_ERROR;
				CLANG_WARN_DOCUMENTATION_COMMENTS = YES;
				CLANG_WARN_EMPTY_BODY = YES;
				CLANG_WARN_ENUM_CONVERSION = YES;
				CLANG_WARN_INFINITE_RECURSION = YES;
				CLANG_WARN_INT_CONVERSION = YES;
				CLANG_WARN_NON_LITERAL_NULL_CONVERSION = YES;
				CLANG_WARN_OBJC_IMPLICIT_RETAIN_SELF = YES;
				CLANG_WARN_OBJC_LITERAL_CONVERSION = YES;
				CLANG_WARN_OBJC_ROOT_CLASS = YES_ERROR;
				CLANG_WARN_QUOTED_INCLUDE_IN_FRAMEWORK_HEADER = YES;
				CLANG_WARN_RANGE_LOOP_ANALYSIS = YES;
				CLANG_WARN_STRICT_PROTOTYPES = YES;
				CLANG_WARN_SUSPICIOUS_MOVE = YES;
				CLANG_WARN_UNGUARDED_AVAILABILITY = YES_AGGRESSIVE;
				CLANG_WARN_UNREACHABLE_CODE = YES;
				CLANG_WARN__DUPLICATE_METHOD_MATCH = YES;
				COPY_PHASE_STRIP = NO;
				DEBUG_INFORMATION_FORMAT = "dwarf-with-dsym";
				ENABLE_NS_ASSERTIONS = NO;
				ENABLE_STRICT_OBJC_MSGSEND = YES;
				GCC_C_LANGUAGE_STANDARD = gnu11;
				GCC_NO_COMMON_BLOCKS = YES;
				GCC_WARN_64_TO_32_BIT_CONVERSION = YES;
				GCC_WARN_ABOUT_RETURN_TYPE = YES_ERROR;
				GCC_WARN_UNDECLARED_SELECTOR = YES;
				GCC_WARN_UNINITIALIZED_AUTOS = YES_AGGRESSIVE;
				GCC_WARN_UNUSED_FUNCTION = YES;
				GCC_WARN_UNUSED_VARIABLE = YES;
				IPHONEOS_DEPLOYMENT_TARGET = 16.4;
				MTL_ENABLE_DEBUG_INFO = NO;
				MTL_FAST_MATH = YES;
				SDKROOT = iphoneos;
				SWIFT_COMPILATION_MODE = wholemodule;
				SWIFT_OPTIMIZATION_LEVEL = "-O";
				VALIDATE_PRODUCT = YES;
			};
			name = Release;
		};
		6EBA29E92AC310BC00AF258A /* Debug */ = {
			isa = XCBuildConfiguration;
			buildSettings = {
				ASSETCATALOG_COMPILER_APPICON_NAME = AppIcon;
				ASSETCATALOG_COMPILER_GLOBAL_ACCENT_COLOR_NAME = AccentColor;
				CODE_SIGN_STYLE = Automatic;
				CURRENT_PROJECT_VERSION = 1;
				DEVELOPMENT_ASSET_PATHS = "\"HW15-16/Preview Content\"";
				ENABLE_PREVIEWS = YES;
				GENERATE_INFOPLIST_FILE = YES;
				INFOPLIST_KEY_UIApplicationSceneManifest_Generation = YES;
				INFOPLIST_KEY_UIApplicationSupportsIndirectInputEvents = YES;
				INFOPLIST_KEY_UILaunchScreen_Generation = YES;
				INFOPLIST_KEY_UISupportedInterfaceOrientations_iPad = "UIInterfaceOrientationPortrait UIInterfaceOrientationPortraitUpsideDown UIInterfaceOrientationLandscapeLeft UIInterfaceOrientationLandscapeRight";
				INFOPLIST_KEY_UISupportedInterfaceOrientations_iPhone = "UIInterfaceOrientationPortrait UIInterfaceOrientationLandscapeLeft UIInterfaceOrientationLandscapeRight";
				LD_RUNPATH_SEARCH_PATHS = (
					"$(inherited)",
					"@executable_path/Frameworks",
				);
				MARKETING_VERSION = 1.0;
				PRODUCT_BUNDLE_IDENTIFIER = "BkB.HW15-16";
				PRODUCT_NAME = "$(TARGET_NAME)";
				SWIFT_EMIT_LOC_STRINGS = YES;
				SWIFT_VERSION = 5.0;
				TARGETED_DEVICE_FAMILY = "1,2";
			};
			name = Debug;
		};
		6EBA29EA2AC310BC00AF258A /* Release */ = {
			isa = XCBuildConfiguration;
			buildSettings = {
				ASSETCATALOG_COMPILER_APPICON_NAME = AppIcon;
				ASSETCATALOG_COMPILER_GLOBAL_ACCENT_COLOR_NAME = AccentColor;
				CODE_SIGN_STYLE = Automatic;
				CURRENT_PROJECT_VERSION = 1;
				DEVELOPMENT_ASSET_PATHS = "\"HW15-16/Preview Content\"";
				ENABLE_PREVIEWS = YES;
				GENERATE_INFOPLIST_FILE = YES;
				INFOPLIST_KEY_UIApplicationSceneManifest_Generation = YES;
				INFOPLIST_KEY_UIApplicationSupportsIndirectInputEvents = YES;
				INFOPLIST_KEY_UILaunchScreen_Generation = YES;
				INFOPLIST_KEY_UISupportedInterfaceOrientations_iPad = "UIInterfaceOrientationPortrait UIInterfaceOrientationPortraitUpsideDown UIInterfaceOrientationLandscapeLeft UIInterfaceOrientationLandscapeRight";
				INFOPLIST_KEY_UISupportedInterfaceOrientations_iPhone = "UIInterfaceOrientationPortrait UIInterfaceOrientationLandscapeLeft UIInterfaceOrientationLandscapeRight";
				LD_RUNPATH_SEARCH_PATHS = (
					"$(inherited)",
					"@executable_path/Frameworks",
				);
				MARKETING_VERSION = 1.0;
				PRODUCT_BUNDLE_IDENTIFIER = "BkB.HW15-16";
				PRODUCT_NAME = "$(TARGET_NAME)";
				SWIFT_EMIT_LOC_STRINGS = YES;
				SWIFT_VERSION = 5.0;
				TARGETED_DEVICE_FAMILY = "1,2";
			};
			name = Release;
		};
/* End XCBuildConfiguration section */

/* Begin XCConfigurationList section */
		6EBA29D52AC310BB00AF258A /* Build configuration list for PBXProject "HW15-16" */ = {
			isa = XCConfigurationList;
			buildConfigurations = (
				6EBA29E62AC310BC00AF258A /* Debug */,
				6EBA29E72AC310BC00AF258A /* Release */,
			);
			defaultConfigurationIsVisible = 0;
			defaultConfigurationName = Release;
		};
		6EBA29E82AC310BC00AF258A /* Build configuration list for PBXNativeTarget "HW15-16" */ = {
			isa = XCConfigurationList;
			buildConfigurations = (
				6EBA29E92AC310BC00AF258A /* Debug */,
				6EBA29EA2AC310BC00AF258A /* Release */,
			);
			defaultConfigurationIsVisible = 0;
			defaultConfigurationName = Release;
		};
/* End XCConfigurationList section */

/* Begin XCVersionGroup section */
		6EBF9C982AC62C320087F1D3 /* Model.xcdatamodeld */ = {
			isa = XCVersionGroup;
			children = (
				6EBF9C992AC62C320087F1D3 /* Model.xcdatamodel */,
			);
			currentVersion = 6EBF9C992AC62C320087F1D3 /* Model.xcdatamodel */;
			path = Model.xcdatamodeld;
			sourceTree = "<group>";
			versionGroupType = wrapper.xcdatamodel;
		};
/* End XCVersionGroup section */
	};
	rootObject = 6EBA29D22AC310BB00AF258A /* Project object */;
}
